
Microsoft Visual Studio Solution File, Format Version 12.00
# Visual Studio Version 16
VisualStudioVersion = 16.0.31613.86
MinimumVisualStudioVersion = 10.0.40219.1
Project("{FAE04EC0-301F-11D3-BF4B-00C04F79EFBC}") = "Sistema punto de ventas", "Sistema punto de ventas\Sistema punto de ventas.csproj", "{35094C51-EC56-45B6-8ED2-080F20F356F5}"
EndProject
Project("{FAE04EC0-301F-11D3-BF4B-00C04F79EFBC}") = "Models", "Models\Models.csproj", "{0A3597D0-78DC-4179-A1F1-45DAEE0E592F}"
EndProject
Project("{FAE04EC0-301F-11D3-BF4B-00C04F79EFBC}") = "ViewModels", "ViewModels\ViewModels.csproj", "{71A14A50-10CA-4C0E-BAB7-C649E624BC2C}"
EndProject
Global
	GlobalSection(SolutionConfigurationPlatforms) = preSolution
		Debug|Any CPU = Debug|Any CPU
		Release|Any CPU = Release|Any CPU
	EndGlobalSection
	GlobalSection(ProjectConfigurationPlatforms) = postSolution
		{35094C51-EC56-45B6-8ED2-080F20F356F5}.Debug|Any CPU.ActiveCfg = Debug|Any CPU
		{35094C51-EC56-45B6-8ED2-080F20F356F5}.Debug|Any CPU.Build.0 = Debug|Any CPU
		{35094C51-EC56-45B6-8ED2-080F20F356F5}.Release|Any CPU.ActiveCfg = Release|Any CPU
		{35094C51-EC56-45B6-8ED2-080F20F356F5}.Release|Any CPU.Build.0 = Release|Any CPU
		{0A3597D0-78DC-4179-A1F1-45DAEE0E592F}.Debug|Any CPU.ActiveCfg = Debug|Any CPU
		{0A3597D0-78DC-4179-A1F1-45DAEE0E592F}.Debug|Any CPU.Build.0 = Debug|Any CPU
		{0A3597D0-78DC-4179-A1F1-45DAEE0E592F}.Release|Any CPU.ActiveCfg = Release|Any CPU
		{0A3597D0-78DC-4179-A1F1-45DAEE0E592F}.Release|Any CPU.Build.0 = Release|Any CPU
		{71A14A50-10CA-4C0E-BAB7-C649E624BC2C}.Debug|Any CPU.ActiveCfg = Debug|Any CPU
		{71A14A50-10CA-4C0E-BAB7-C649E624BC2C}.Debug|Any CPU.Build.0 = Debug|Any CPU
		{71A14A50-10CA-4C0E-BAB7-C649E624BC2C}.Release|Any CPU.ActiveCfg = Release|Any CPU
		{71A14A50-10CA-4C0E-BAB7-C649E624BC2C}.Release|Any CPU.Build.0 = Release|Any CPU
	EndGlobalSection
	GlobalSection(SolutionProperties) = preSolution
		HideSolutionNode = FALSE
	EndGlobalSection
	GlobalSection(ExtensibilityGlobals) = postSolution
		SolutionGuid = {774B25C9-E1DC-44C8-AEB3-BCA9DCFF41CE}
	EndGlobalSection
EndGlobal
